// !$*UTF8*$!
{
	archiveVersion = 1;
	classes = {
	};
	objectVersion = 39;
	objects = {
		014CEA440018CDF011CA2923 = {
			buildRules = (
			);
			buildSettings = {
				COPY_PHASE_STRIP = NO;
				DEBUGGING_SYMBOLS = YES;
				GCC_DYNAMIC_NO_PIC = NO;
				GCC_ENABLE_FIX_AND_CONTINUE = YES;
				GCC_GENERATE_DEBUGGING_SYMBOLS = YES;
				GCC_OPTIMIZATION_LEVEL = 0;
				OPTIMIZATION_CFLAGS = "-O0";
				ZERO_LINK = YES;
			};
			isa = PBXBuildStyle;
			name = Development;
		};
		014CEA450018CDF011CA2923 = {
			buildRules = (
			);
			buildSettings = {
				COPY_PHASE_STRIP = YES;
				GCC_ENABLE_FIX_AND_CONTINUE = NO;
				ZERO_LINK = NO;
			};
			isa = PBXBuildStyle;
			name = Deployment;
		};
//010
//011
//012
//013
//014
//030
//031
//032
//033
//034
		034768DFFF38A50411DB9C8B = {
			children = (
				8DC2EF5B0486A6940098B216,
			);
			isa = PBXGroup;
			name = Products;
			refType = 4;
			sourceTree = "<group>";
		};
//030
//031
//032
//033
//034
//080
//081
//082
//083
//084
		0867D690FE84028FC02AAC07 = {
			buildSettings = {
			};
			buildStyles = (
				014CEA440018CDF011CA2923,
				014CEA450018CDF011CA2923,
			);
			hasScannedForEncodings = 1;
			isa = PBXProject;
			mainGroup = 0867D691FE84028FC02AAC07;
			productRefGroup = 034768DFFF38A50411DB9C8B;
			projectDirPath = "";
			targets = (
				8DC2EF4F0486A6940098B216,
			);
		};
		0867D691FE84028FC02AAC07 = {
			children = (
				08FB77AEFE84172EC02AAC07,
				32C88DFF0371C24200C91783,
				089C1665FE841158C02AAC07,
				0867D69AFE84028FC02AAC07,
				034768DFFF38A50411DB9C8B,
			);
			isa = PBXGroup;
			name = YAML;
			refType = 4;
			sourceTree = "<group>";
		};
		0867D69AFE84028FC02AAC07 = {
			children = (
				3D95980B07BB7B03008E7093,
				1058C7B0FEA5585E11CA2CBB,
				1058C7B2FEA5585E11CA2CBB,
			);
			isa = PBXGroup;
			name = "External Frameworks and Libraries";
			refType = 4;
			sourceTree = "<group>";
		};
		0867D69BFE84028FC02AAC07 = {
			fallbackIsa = PBXFileReference;
			isa = PBXFrameworkReference;
			lastKnownFileType = wrapper.framework;
			name = Foundation.framework;
			path = /System/Library/Frameworks/Foundation.framework;
			refType = 0;
			sourceTree = "<absolute>";
		};
		0867D6A5FE840307C02AAC07 = {
			fallbackIsa = PBXFileReference;
			isa = PBXFrameworkReference;
			lastKnownFileType = wrapper.framework;
			name = AppKit.framework;
			path = /System/Library/Frameworks/AppKit.framework;
			refType = 0;
			sourceTree = "<absolute>";
		};
		089C1665FE841158C02AAC07 = {
			children = (
				8DC2EF5A0486A6940098B216,
			);
			isa = PBXGroup;
			name = Resources;
			refType = 4;
			sourceTree = "<group>";
		};
		08FB77AEFE84172EC02AAC07 = {
			children = (
				3D4F853207D53476005BA429,
				3D4F853B07D53484005BA429,
				3D4F853C07D53484005BA429,
				3D4F853F07D5348F005BA429,
				3D4F854007D5348F005BA429,
				3D4F854107D5348F005BA429,
				3D4F854207D5348F005BA429,
				3D4F854707D53496005BA429,
			);
			isa = PBXGroup;
			name = Classes;
			refType = 4;
			sourceTree = "<group>";
		};
//080
//081
//082
//083
//084
//100
//101
//102
//103
//104
		1058C7B0FEA5585E11CA2CBB = {
			children = (
				1058C7B1FEA5585E11CA2CBB,
			);
			isa = PBXGroup;
			name = "Linked Frameworks";
			refType = 4;
			sourceTree = "<group>";
		};
		1058C7B1FEA5585E11CA2CBB = {
			fallbackIsa = PBXFileReference;
			isa = PBXFrameworkReference;
			lastKnownFileType = wrapper.framework;
			name = Cocoa.framework;
			path = /System/Library/Frameworks/Cocoa.framework;
			refType = 0;
			sourceTree = "<absolute>";
		};
		1058C7B2FEA5585E11CA2CBB = {
			children = (
				0867D69BFE84028FC02AAC07,
				0867D6A5FE840307C02AAC07,
			);
			isa = PBXGroup;
			name = "Other Frameworks";
			refType = 4;
			sourceTree = "<group>";
		};
//100
//101
//102
//103
//104
//320
//321
//322
//323
//324
		32C88DFF0371C24200C91783 = {
			children = (
				3D4F854D07D534F3005BA429,
				3D4F854907D5349E005BA429,
			);
			isa = PBXGroup;
			name = "Other Sources";
			refType = 4;
			sourceTree = "<group>";
		};
//320
//321
//322
//323
//324
//3D0
//3D1
//3D2
//3D3
//3D4
		3D4F853207D53476005BA429 = {
			fileEncoding = 30;
			isa = PBXFileReference;
			lastKnownFileType = sourcecode.c.h;
			name = YAML.h;
			path = src/YAML.h;
			refType = 2;
			sourceTree = SOURCE_ROOT;
		};
		3D4F853307D53476005BA429 = {
			fileRef = 3D4F853207D53476005BA429;
			isa = PBXBuildFile;
			settings = {
				ATTRIBUTES = (
					Public,
				);
			};
		};
		3D4F853B07D53484005BA429 = {
			fileEncoding = 30;
			isa = PBXFileReference;
			lastKnownFileType = sourcecode.c.h;
			name = GSNSDataExtensions.h;
			path = "src/Base64 NSData code/GSNSDataExtensions.h";
			refType = 2;
			sourceTree = SOURCE_ROOT;
		};
		3D4F853C07D53484005BA429 = {
			fileEncoding = 30;
			isa = PBXFileReference;
			lastKnownFileType = sourcecode.c.objc;
			name = GSNSDataExtensions.m;
			path = "src/Base64 NSData code/GSNSDataExtensions.m";
			refType = 2;
			sourceTree = SOURCE_ROOT;
		};
		3D4F853D07D53484005BA429 = {
			fileRef = 3D4F853B07D53484005BA429;
			isa = PBXBuildFile;
			settings = {
				ATTRIBUTES = (
					Public,
				);
			};
		};
		3D4F853E07D53484005BA429 = {
			fileRef = 3D4F853C07D53484005BA429;
			isa = PBXBuildFile;
			settings = {
			};
		};
		3D4F853F07D5348F005BA429 = {
			fileEncoding = 30;
			isa = PBXFileReference;
			lastKnownFileType = sourcecode.c.h;
			name = YAMLCategories.h;
			path = src/YAMLCategories.h;
			refType = 2;
			sourceTree = SOURCE_ROOT;
		};
		3D4F854007D5348F005BA429 = {
			fileEncoding = 30;
			isa = PBXFileReference;
			lastKnownFileType = sourcecode.c.objc;
			name = YAMLCategories.m;
			path = src/YAMLCategories.m;
			refType = 2;
			sourceTree = SOURCE_ROOT;
		};
		3D4F854107D5348F005BA429 = {
			fileEncoding = 30;
			isa = PBXFileReference;
			lastKnownFileType = sourcecode.c.h;
			name = YAMLCocoaCategories.h;
			path = src/YAMLCocoaCategories.h;
			refType = 2;
			sourceTree = SOURCE_ROOT;
		};
		3D4F854207D5348F005BA429 = {
			fileEncoding = 30;
			isa = PBXFileReference;
			lastKnownFileType = sourcecode.c.objc;
			name = YAMLCocoaCategories.m;
			path = src/YAMLCocoaCategories.m;
			refType = 2;
			sourceTree = SOURCE_ROOT;
		};
		3D4F854307D5348F005BA429 = {
			fileRef = 3D4F853F07D5348F005BA429;
			isa = PBXBuildFile;
			settings = {
				ATTRIBUTES = (
					Public,
				);
			};
		};
		3D4F854407D5348F005BA429 = {
			fileRef = 3D4F854007D5348F005BA429;
			isa = PBXBuildFile;
			settings = {
			};
		};
		3D4F854507D5348F005BA429 = {
			fileRef = 3D4F854107D5348F005BA429;
			isa = PBXBuildFile;
			settings = {
				ATTRIBUTES = (
					Public,
				);
			};
		};
		3D4F854607D5348F005BA429 = {
			fileRef = 3D4F854207D5348F005BA429;
			isa = PBXBuildFile;
			settings = {
			};
		};
		3D4F854707D53496005BA429 = {
			fileEncoding = 30;
			isa = PBXFileReference;
			lastKnownFileType = sourcecode.c.objc;
			name = SyckInput.m;
			path = src/SyckInput.m;
			refType = 2;
			sourceTree = SOURCE_ROOT;
		};
		3D4F854807D53496005BA429 = {
			fileRef = 3D4F854707D53496005BA429;
			isa = PBXBuildFile;
			settings = {
			};
		};
		3D4F854907D5349E005BA429 = {
			fileEncoding = 30;
			isa = PBXFileReference;
			lastKnownFileType = sourcecode.c.c;
			name = main.c;
			path = src/main.c;
			refType = 2;
			sourceTree = SOURCE_ROOT;
		};
		3D4F854B07D5349E005BA429 = {
			fileRef = 3D4F854907D5349E005BA429;
			isa = PBXBuildFile;
			settings = {
			};
		};
		3D4F854D07D534F3005BA429 = {
			fileEncoding = 30;
			isa = PBXFileReference;
			lastKnownFileType = sourcecode.c.h;
			path = YAML_Prefix.pch;
			refType = 2;
			sourceTree = SOURCE_ROOT;
		};
		3D4F854E07D534F3005BA429 = {
			fileRef = 3D4F854D07D534F3005BA429;
			isa = PBXBuildFile;
			settings = {
			};
		};
		3D95980B07BB7B03008E7093 = {
			isa = PBXFileReference;
			lastKnownFileType = archive.ar;
			name = libsyck.a;
			path = ../../lib/libsyck.a;
			refType = 2;
			sourceTree = SOURCE_ROOT;
		};
		3D95980C07BB7B03008E7093 = {
			fileRef = 3D95980B07BB7B03008E7093;
			isa = PBXBuildFile;
			settings = {
			};
		};
//3D0
//3D1
//3D2
//3D3
//3D4
//8D0
//8D1
//8D2
//8D3
//8D4
		8DC2EF4F0486A6940098B216 = {
			buildPhases = (
				8DC2EF500486A6940098B216,
				8DC2EF520486A6940098B216,
				8DC2EF540486A6940098B216,
				8DC2EF560486A6940098B216,
				8DC2EF580486A6940098B216,
			);
			buildRules = (
			);
			buildSettings = {
				DYLIB_COMPATIBILITY_VERSION = 1;
				DYLIB_CURRENT_VERSION = 1;
				FRAMEWORK_SEARCH_PATHS = "";
				FRAMEWORK_VERSION = A;
				GCC_ENABLE_TRIGRAPHS = NO;
				GCC_GENERATE_DEBUGGING_SYMBOLS = NO;
				GCC_PRECOMPILE_PREFIX_HEADER = YES;
				GCC_PREFIX_HEADER = YAML_Prefix.pch;
				GCC_WARN_ABOUT_MISSING_PROTOTYPES = NO;
				GCC_WARN_FOUR_CHARACTER_CONSTANTS = NO;
				GCC_WARN_UNKNOWN_PRAGMAS = NO;
				HEADER_SEARCH_PATHS = "";
				INFOPLIST_FILE = Info.plist;
				INSTALL_PATH = "@executable_path/../Frameworks";
				LIBRARY_SEARCH_PATHS = "";
				LIBRARY_STYLE = Dynamic;
				OTHER_LDFLAGS = "-seg1addr 0xc9000000";
				PRODUCT_NAME = YAML;
				SECTORDER_FLAGS = "";
				WARNING_CFLAGS = "-Wmost -Wno-four-char-constants -Wno-unknown-pragmas";
				WRAPPER_EXTENSION = framework;
			};
			dependencies = (
			);
			isa = PBXNativeTarget;
			name = YAML;
			productInstallPath = "$(HOME)/Library/Frameworks";
			productName = YAML;
			productReference = 8DC2EF5B0486A6940098B216;
			productType = "com.apple.product-type.framework";
		};
		8DC2EF500486A6940098B216 = {
			buildActionMask = 2147483647;
			files = (
				3D4F853307D53476005BA429,
				3D4F853D07D53484005BA429,
				3D4F854307D5348F005BA429,
				3D4F854507D5348F005BA429,
			);
			isa = PBXHeadersBuildPhase;
			runOnlyForDeploymentPostprocessing = 0;
		};
		8DC2EF520486A6940098B216 = {
			buildActionMask = 2147483647;
			files = (
				3D4F854E07D534F3005BA429,
			);
			isa = PBXResourcesBuildPhase;
			runOnlyForDeploymentPostprocessing = 0;
		};
		8DC2EF540486A6940098B216 = {
			buildActionMask = 2147483647;
			files = (
				3D4F853E07D53484005BA429,
				3D4F854407D5348F005BA429,
				3D4F854607D5348F005BA429,
				3D4F854807D53496005BA429,
				3D4F854B07D5349E005BA429,
			);
			isa = PBXSourcesBuildPhase;
			runOnlyForDeploymentPostprocessing = 0;
		};
		8DC2EF560486A6940098B216 = {
			buildActionMask = 2147483647;
			files = (
				8DC2EF570486A6940098B216,
				3D95980C07BB7B03008E7093,
			);
			isa = PBXFrameworksBuildPhase;
			runOnlyForDeploymentPostprocessing = 0;
		};
		8DC2EF570486A6940098B216 = {
			fileRef = 1058C7B1FEA5585E11CA2CBB;
			isa = PBXBuildFile;
			settings = {
			};
		};
		8DC2EF580486A6940098B216 = {
			buildActionMask = 2147483647;
			files = (
			);
			isa = PBXRezBuildPhase;
			runOnlyForDeploymentPostprocessing = 0;
		};
		8DC2EF5A0486A6940098B216 = {
			fileEncoding = 4;
			isa = PBXFileReference;
			lastKnownFileType = text.plist;
			path = Info.plist;
			refType = 4;
			sourceTree = "<group>";
		};
		8DC2EF5B0486A6940098B216 = {
			explicitFileType = wrapper.framework;
			includeInIndex = 0;
			isa = PBXFileReference;
			path = YAML.framework;
			refType = 3;
			sourceTree = BUILT_PRODUCTS_DIR;
		};
	};
	rootObject = 0867D690FE84028FC02AAC07;
}
